
Microsoft Visual Studio Solution File, Format Version 12.00
# Visual Studio Version 17
VisualStudioVersion = 17.4.33205.214
MinimumVisualStudioVersion = 10.0.40219.1
Project("{8BC9CEB8-8B4A-11D0-8D11-00A0C91BC942}") = "Qes-6", "Qes-6\Qes-6.vcxproj", "{42448272-16D2-40F9-BC14-9437DB3EF42A}"
EndProject
Global
	GlobalSection(SolutionConfigurationPlatforms) = preSolution
		Debug|x64 = Debug|x64
		Debug|x86 = Debug|x86
		Release|x64 = Release|x64
		Release|x86 = Release|x86
	EndGlobalSection
	GlobalSection(ProjectConfigurationPlatforms) = postSolution
		{42448272-16D2-40F9-BC14-9437DB3EF42A}.Debug|x64.ActiveCfg = Debug|x64
		{42448272-16D2-40F9-BC14-9437DB3EF42A}.Debug|x64.Build.0 = Debug|x64
		{42448272-16D2-40F9-BC14-9437DB3EF42A}.Debug|x86.ActiveCfg = Debug|Win32
		{42448272-16D2-40F9-BC14-9437DB3EF42A}.Debug|x86.Build.0 = Debug|Win32
		{42448272-16D2-40F9-BC14-9437DB3EF42A}.Release|x64.ActiveCfg = Release|x64
		{42448272-16D2-40F9-BC14-9437DB3EF42A}.Release|x64.Build.0 = Release|x64
		{42448272-16D2-40F9-BC14-9437DB3EF42A}.Release|x86.ActiveCfg = Release|Win32
		{42448272-16D2-40F9-BC14-9437DB3EF42A}.Release|x86.Build.0 = Release|Win32
	EndGlobalSection
	GlobalSection(SolutionProperties) = preSolution
		HideSolutionNode = FALSE
	EndGlobalSection
	GlobalSection(ExtensibilityGlobals) = postSolution
		SolutionGuid = {79DDD0B9-536D-417B-9108-532A84192C7B}
	EndGlobalSection
EndGlobal
